{
  "name": "EXT-Spotify",
  "version": "2.10.2",
  "lockfileVersion": 3,
  "requires": true,
  "packages": {
    "": {
      "name": "EXT-Spotify",
      "version": "2.10.2",
      "hasInstallScript": true,
      "license": "MIT",
      "dependencies": {
        "@mdi/font": "^7.4.47"
      },
      "engines": {
        "node": ">=20"
      }
    },
    "node_modules/@mdi/font": {
      "version": "7.4.47",
      "resolved": "https://registry.npmjs.org/@mdi/font/-/font-7.4.47.tgz",
      "integrity": "sha512-43MtGpd585SNzHZPcYowu/84Vz2a2g31TvPMTm9uTiCSWzaheQySUcSyUH/46fPnuPQWof2yd0pGBtzee/IQWw==",
      "license": "Apache-2.0"
    }
  }
}
